
Microsoft Visual Studio Solution File, Format Version 12.00
# Visual Studio 15
VisualStudioVersion = 15.0.28010.2046
MinimumVisualStudioVersion = 10.0.40219.1
Project("{FAE04EC0-301F-11D3-BF4B-00C04F79EFBC}") = "OnePassWindows", "OnePassWindows\OnePassWindows.csproj", "{2649044A-8A68-44A8-902F-59FA48ED953D}"
EndProject
Global
	GlobalSection(SolutionConfigurationPlatforms) = preSolution
		Debug|Any CPU = Debug|Any CPU
		Release|Any CPU = Release|Any CPU
	EndGlobalSection
	GlobalSection(ProjectConfigurationPlatforms) = postSolution
		{2649044A-8A68-44A8-902F-59FA48ED953D}.Debug|Any CPU.ActiveCfg = Debug|Any CPU
		{2649044A-8A68-44A8-902F-59FA48ED953D}.Debug|Any CPU.Build.0 = Debug|Any CPU
		{2649044A-8A68-44A8-902F-59FA48ED953D}.Release|Any CPU.ActiveCfg = Release|Any CPU
		{2649044A-8A68-44A8-902F-59FA48ED953D}.Release|Any CPU.Build.0 = Release|Any CPU
	EndGlobalSection
	GlobalSection(SolutionProperties) = preSolution
		HideSolutionNode = FALSE
	EndGlobalSection
	GlobalSection(ExtensibilityGlobals) = postSolution
		SolutionGuid = {A3F3DF70-0318-4F33-B95E-BFCEB6027768}
	EndGlobalSection
EndGlobal
